
Microsoft Visual Studio Solution File, Format Version 11.00
# Visual Studio 2010
Project("{FAE04EC0-301F-11D3-BF4B-00C04F79EFBC}") = "Assembly-CSharp", "Assembly-CSharp.csproj", "{7A6A39D8-4D64-99EE-924A-4C27279CA908}"
EndProject
Project("{FAE04EC0-301F-11D3-BF4B-00C04F79EFBC}") = "Substance.EditorHelper", "Substance.EditorHelper.csproj", "{83BEB753-E7E4-009D-2CD8-8DBF0F6BA532}"
EndProject
Project("{FAE04EC0-301F-11D3-BF4B-00C04F79EFBC}") = "Substance.Platform", "Substance.Platform.csproj", "{F699476C-2D4A-6C83-6E54-1AD7F391E8B2}"
EndProject
Global
	GlobalSection(SolutionConfigurationPlatforms) = preSolution
		Debug|Any CPU = Debug|Any CPU
		Release|Any CPU = Release|Any CPU
	EndGlobalSection
	GlobalSection(ProjectConfigurationPlatforms) = postSolution
		{7A6A39D8-4D64-99EE-924A-4C27279CA908}.Debug|Any CPU.ActiveCfg = Debug|Any CPU
		{7A6A39D8-4D64-99EE-924A-4C27279CA908}.Debug|Any CPU.Build.0 = Debug|Any CPU
		{7A6A39D8-4D64-99EE-924A-4C27279CA908}.Release|Any CPU.ActiveCfg = Release|Any CPU
		{7A6A39D8-4D64-99EE-924A-4C27279CA908}.Release|Any CPU.Build.0 = Release|Any CPU
		{83BEB753-E7E4-009D-2CD8-8DBF0F6BA532}.Debug|Any CPU.ActiveCfg = Debug|Any CPU
		{83BEB753-E7E4-009D-2CD8-8DBF0F6BA532}.Debug|Any CPU.Build.0 = Debug|Any CPU
		{83BEB753-E7E4-009D-2CD8-8DBF0F6BA532}.Release|Any CPU.ActiveCfg = Release|Any CPU
		{83BEB753-E7E4-009D-2CD8-8DBF0F6BA532}.Release|Any CPU.Build.0 = Release|Any CPU
		{F699476C-2D4A-6C83-6E54-1AD7F391E8B2}.Debug|Any CPU.ActiveCfg = Debug|Any CPU
		{F699476C-2D4A-6C83-6E54-1AD7F391E8B2}.Debug|Any CPU.Build.0 = Debug|Any CPU
		{F699476C-2D4A-6C83-6E54-1AD7F391E8B2}.Release|Any CPU.ActiveCfg = Release|Any CPU
		{F699476C-2D4A-6C83-6E54-1AD7F391E8B2}.Release|Any CPU.Build.0 = Release|Any CPU
	EndGlobalSection
	GlobalSection(SolutionProperties) = preSolution
		HideSolutionNode = FALSE
	EndGlobalSection
EndGlobal
